
Microsoft Visual Studio Solution File, Format Version 12.00
# Visual Studio Version 16
VisualStudioVersion = 16.0.31729.503
MinimumVisualStudioVersion = 10.0.40219.1
Project("{FAE04EC0-301F-11D3-BF4B-00C04F79EFBC}") = "MCD_MessageBoxNesnesi", "MCD_MessageBoxNesnesi\MCD_MessageBoxNesnesi.csproj", "{AB81F63B-7BB8-4E0E-B42E-FF7924D63CF5}"
EndProject
Global
	GlobalSection(SolutionConfigurationPlatforms) = preSolution
		Debug|Any CPU = Debug|Any CPU
		Release|Any CPU = Release|Any CPU
	EndGlobalSection
	GlobalSection(ProjectConfigurationPlatforms) = postSolution
		{AB81F63B-7BB8-4E0E-B42E-FF7924D63CF5}.Debug|Any CPU.ActiveCfg = Debug|Any CPU
		{AB81F63B-7BB8-4E0E-B42E-FF7924D63CF5}.Debug|Any CPU.Build.0 = Debug|Any CPU
		{AB81F63B-7BB8-4E0E-B42E-FF7924D63CF5}.Release|Any CPU.ActiveCfg = Release|Any CPU
		{AB81F63B-7BB8-4E0E-B42E-FF7924D63CF5}.Release|Any CPU.Build.0 = Release|Any CPU
	EndGlobalSection
	GlobalSection(SolutionProperties) = preSolution
		HideSolutionNode = FALSE
	EndGlobalSection
	GlobalSection(ExtensibilityGlobals) = postSolution
		SolutionGuid = {01BEF4BB-1B61-495C-A664-122D0D807070}
	EndGlobalSection
EndGlobal
